
Microsoft Visual Studio Solution File, Format Version 12.00
Project("{FAE04EC0-301F-11D3-BF4B-00C04F79EFBC}") = "Day-02-Part-02", "Day-02-Part-02.csproj", "{E7AFC928-1A58-4AF1-AAE1-186761AD7614}"
EndProject
Global
	GlobalSection(SolutionConfigurationPlatforms) = preSolution
		Debug|Any CPU = Debug|Any CPU
		Release|Any CPU = Release|Any CPU
	EndGlobalSection
	GlobalSection(ProjectConfigurationPlatforms) = postSolution
		{E7AFC928-1A58-4AF1-AAE1-186761AD7614}.Debug|Any CPU.ActiveCfg = Debug|Any CPU
		{E7AFC928-1A58-4AF1-AAE1-186761AD7614}.Debug|Any CPU.Build.0 = Debug|Any CPU
		{E7AFC928-1A58-4AF1-AAE1-186761AD7614}.Release|Any CPU.ActiveCfg = Release|Any CPU
		{E7AFC928-1A58-4AF1-AAE1-186761AD7614}.Release|Any CPU.Build.0 = Release|Any CPU
	EndGlobalSection
EndGlobal
