
Microsoft Visual Studio Solution File, Format Version 12.00
Project("{F2A71F9B-5D33-465A-A702-920D77279786}") = "Day-01-Part-02", "Day-01-Part-02.fsproj", "{753B89C2-1C0F-4106-9F45-1D4B3AA0F96A}"
EndProject
Global
	GlobalSection(SolutionConfigurationPlatforms) = preSolution
		Debug|Any CPU = Debug|Any CPU
		Release|Any CPU = Release|Any CPU
	EndGlobalSection
	GlobalSection(ProjectConfigurationPlatforms) = postSolution
		{753B89C2-1C0F-4106-9F45-1D4B3AA0F96A}.Debug|Any CPU.ActiveCfg = Debug|Any CPU
		{753B89C2-1C0F-4106-9F45-1D4B3AA0F96A}.Debug|Any CPU.Build.0 = Debug|Any CPU
		{753B89C2-1C0F-4106-9F45-1D4B3AA0F96A}.Release|Any CPU.ActiveCfg = Release|Any CPU
		{753B89C2-1C0F-4106-9F45-1D4B3AA0F96A}.Release|Any CPU.Build.0 = Release|Any CPU
	EndGlobalSection
EndGlobal
