
Microsoft Visual Studio Solution File, Format Version 12.00
Project("{FAE04EC0-301F-11D3-BF4B-00C04F79EFBC}") = "Day-07-Part-02", "Day-07-Part-02.csproj", "{9B2DD8DE-E409-415D-B503-F2FD680E361A}"
EndProject
Global
	GlobalSection(SolutionConfigurationPlatforms) = preSolution
		Debug|Any CPU = Debug|Any CPU
		Release|Any CPU = Release|Any CPU
	EndGlobalSection
	GlobalSection(ProjectConfigurationPlatforms) = postSolution
		{9B2DD8DE-E409-415D-B503-F2FD680E361A}.Debug|Any CPU.ActiveCfg = Debug|Any CPU
		{9B2DD8DE-E409-415D-B503-F2FD680E361A}.Debug|Any CPU.Build.0 = Debug|Any CPU
		{9B2DD8DE-E409-415D-B503-F2FD680E361A}.Release|Any CPU.ActiveCfg = Release|Any CPU
		{9B2DD8DE-E409-415D-B503-F2FD680E361A}.Release|Any CPU.Build.0 = Release|Any CPU
	EndGlobalSection
EndGlobal
